
Microsoft Visual Studio Solution File, Format Version 12.00
# Visual Studio 14
VisualStudioVersion = 14.0.25420.1
MinimumVisualStudioVersion = 10.0.40219.1
Project("{8BC9CEB8-8B4A-11D0-8D11-00A0C91BC942}") = "SboxDrv", "core\drv\SboxDrv.vcxproj", "{4019C5EB-8D1E-40E4-B7D1-5601B4B27288}"
	ProjectSection(ProjectDependencies) = postProject
		{63B0DDD2-5E3B-EF38-F711-9652D2EB73B3} = {63B0DDD2-5E3B-EF38-F711-9652D2EB73B3}
	EndProjectSection
EndProject
Project("{8BC9CEB8-8B4A-11D0-8D11-00A0C91BC942}") = "SboxMsg", "msgs\SboxMsg.vcxproj", "{63B0DDD2-5E3B-EF38-F711-9652D2EB73B3}"
	ProjectSection(ProjectDependencies) = postProject
		{7BA01954-12F1-4CEE-BA97-FAD3250D9776} = {7BA01954-12F1-4CEE-BA97-FAD3250D9776}
	EndProjectSection
EndProject
Project("{8BC9CEB8-8B4A-11D0-8D11-00A0C91BC942}") = "Parse", "msgs\Parse.vcxproj", "{7BA01954-12F1-4CEE-BA97-FAD3250D9776}"
EndProject
Global
	GlobalSection(SolutionConfigurationPlatforms) = preSolution
		Debug|Win32 = Debug|Win32
		Debug|x64 = Debug|x64
		Release|Win32 = Release|Win32
		Release|x64 = Release|x64
		SbieDebug|Win32 = SbieDebug|Win32
		SbieDebug|x64 = SbieDebug|x64
		SbieRelease|Win32 = SbieRelease|Win32
		SbieRelease|x64 = SbieRelease|x64
	EndGlobalSection
	GlobalSection(ProjectConfigurationPlatforms) = postSolution
		{4019C5EB-8D1E-40E4-B7D1-5601B4B27288}.SbieDebug|Win32.ActiveCfg = SbieDebug|Win32
		{4019C5EB-8D1E-40E4-B7D1-5601B4B27288}.SbieDebug|Win32.Build.0 = SbieDebug|Win32
		{4019C5EB-8D1E-40E4-B7D1-5601B4B27288}.SbieDebug|x64.ActiveCfg = SbieDebug|x64
		{4019C5EB-8D1E-40E4-B7D1-5601B4B27288}.SbieDebug|x64.Build.0 = SbieDebug|x64
		{4019C5EB-8D1E-40E4-B7D1-5601B4B27288}.SbieRelease|Win32.ActiveCfg = SbieRelease|Win32
		{4019C5EB-8D1E-40E4-B7D1-5601B4B27288}.SbieRelease|Win32.Build.0 = SbieRelease|Win32
		{4019C5EB-8D1E-40E4-B7D1-5601B4B27288}.SbieRelease|x64.ActiveCfg = SbieRelease|x64
		{4019C5EB-8D1E-40E4-B7D1-5601B4B27288}.SbieRelease|x64.Build.0 = SbieRelease|x64
		{63B0DDD2-5E3B-EF38-F711-9652D2EB73B3}.SbieDebug|Win32.ActiveCfg = SbieRelease|Win32
		{63B0DDD2-5E3B-EF38-F711-9652D2EB73B3}.SbieDebug|Win32.Build.0 = SbieRelease|Win32
		{63B0DDD2-5E3B-EF38-F711-9652D2EB73B3}.SbieDebug|x64.ActiveCfg = SbieRelease|x64
		{63B0DDD2-5E3B-EF38-F711-9652D2EB73B3}.SbieDebug|x64.Build.0 = SbieRelease|x64
		{63B0DDD2-5E3B-EF38-F711-9652D2EB73B3}.SbieRelease|Win32.ActiveCfg = SbieRelease|Win32
		{63B0DDD2-5E3B-EF38-F711-9652D2EB73B3}.SbieRelease|Win32.Build.0 = SbieRelease|Win32
		{63B0DDD2-5E3B-EF38-F711-9652D2EB73B3}.SbieRelease|x64.ActiveCfg = SbieRelease|x64
		{63B0DDD2-5E3B-EF38-F711-9652D2EB73B3}.SbieRelease|x64.Build.0 = SbieRelease|x64
		{7BA01954-12F1-4CEE-BA97-FAD3250D9776}.SbieDebug|Win32.ActiveCfg = SbieRelease|Win32
		{7BA01954-12F1-4CEE-BA97-FAD3250D9776}.SbieDebug|Win32.Build.0 = SbieRelease|Win32
		{7BA01954-12F1-4CEE-BA97-FAD3250D9776}.SbieDebug|x64.ActiveCfg = SbieRelease|Win32
		{7BA01954-12F1-4CEE-BA97-FAD3250D9776}.SbieDebug|x64.Build.0 = SbieRelease|Win32
		{7BA01954-12F1-4CEE-BA97-FAD3250D9776}.SbieRelease|Win32.ActiveCfg = SbieRelease|Win32
		{7BA01954-12F1-4CEE-BA97-FAD3250D9776}.SbieRelease|Win32.Build.0 = SbieRelease|Win32
		{7BA01954-12F1-4CEE-BA97-FAD3250D9776}.SbieRelease|x64.ActiveCfg = SbieRelease|Win32
		{7BA01954-12F1-4CEE-BA97-FAD3250D9776}.SbieRelease|x64.Build.0 = SbieRelease|Win32
	EndGlobalSection
	GlobalSection(SolutionProperties) = preSolution
		HideSolutionNode = FALSE
	EndGlobalSection
EndGlobal
