<?xml version="1.0" encoding="utf-8"?>
<Project ToolsVersion="4.0" xmlns="http://schemas.microsoft.com/developer/msbuild/2003">
  <ItemGroup>
    <Filter Include="Source Files">
      <UniqueIdentifier>{4FC737F1-C7A5-4376-A066-2A32D752A2FF}</UniqueIdentifier>
      <Extensions>cpp;c;cc;cxx;def;odl;idl;hpj;bat;asm;asmx</Extensions>
    </Filter>
    <Filter Include="Header Files">
      <UniqueIdentifier>{93995380-89BD-4b04-88EB-625FBE52EBFB}</UniqueIdentifier>
      <Extensions>h;hh;hpp;hxx;hm;inl;inc;xsd</Extensions>
    </Filter>
    <Filter Include="Resource Files">
      <UniqueIdentifier>{D9D6E242-F8AF-46E4-B9FD-80ECBC20BA3E}</UniqueIdentifier>
      <Extensions>qrc;*</Extensions>
      <ParseFiles>false</ParseFiles>
    </Filter>
    <Filter Include="Form Files">
      <UniqueIdentifier>{99349809-55BA-4b9d-BF79-8FDBB0286EB3}</UniqueIdentifier>
      <Extensions>ui</Extensions>
    </Filter>
    <Filter Include="Resource Files">
      <UniqueIdentifier>{D9D6E242-F8AF-46E4-B9FD-80ECBC20BA3E}</UniqueIdentifier>
      <Extensions>qrc;*</Extensions>
      <ParseFiles>false</ParseFiles>
    </Filter>
    <Filter Include="SandMan">
      <UniqueIdentifier>{66baf3d2-2745-4dfe-a2a8-b3a6e1b9edca}</UniqueIdentifier>
    </Filter>
    <Filter Include="Models">
      <UniqueIdentifier>{4cb3f267-32bd-4389-b61a-47e231070586}</UniqueIdentifier>
    </Filter>
    <Filter Include="Views">
      <UniqueIdentifier>{34eca1e5-cd50-4876-9f54-9eec4c393150}</UniqueIdentifier>
    </Filter>
    <Filter Include="Dialogs">
      <UniqueIdentifier>{6accf3ae-da17-4c0f-ba83-214e3874b029}</UniqueIdentifier>
    </Filter>
    <Filter Include="Helpers">
      <UniqueIdentifier>{20d5954b-be86-4a34-948d-00954dcfd07b}</UniqueIdentifier>
    </Filter>
    <Filter Include="Windows">
      <UniqueIdentifier>{d0068730-c9fb-49ef-90ec-8ecd2131ae47}</UniqueIdentifier>
    </Filter>
    <Filter Include="Translation Files">
      <UniqueIdentifier>{639EADAA-A684-42e4-A9AD-28FC9BCB8F7C}</UniqueIdentifier>
      <Extensions>ts</Extensions>
      <ParseFiles>false</ParseFiles>
    </Filter>
  </ItemGroup>
  <ItemGroup>
    <ClCompile Include="main.cpp">
      <Filter>Source Files</Filter>
    </ClCompile>
    <ClCompile Include="stdafx.cpp">
      <Filter>Source Files</Filter>
    </ClCompile>
    <ClCompile Include="SandMan.cpp">
      <Filter>SandMan</Filter>
    </ClCompile>
    <ClCompile Include="Models\SbieModel.cpp">
      <Filter>Models</Filter>
    </ClCompile>
    <ClCompile Include="Views\SbieView.cpp">
      <Filter>Views</Filter>
    </ClCompile>
    <ClCompile Include="Dialogs\MultiErrorDialog.cpp">
      <Filter>Dialogs</Filter>
    </ClCompile>
    <ClCompile Include="SbiePlusAPI.cpp">
      <Filter>SandMan</Filter>
    </ClCompile>
    <ClCompile Include="Helpers\WinAdmin.cpp">
      <Filter>Helpers</Filter>
    </ClCompile>
    <ClCompile Include="Windows\OptionsWindow.cpp">
      <Filter>Windows</Filter>
    </ClCompile>
    <ClCompile Include="Windows\SettingsWindow.cpp">
      <Filter>Windows</Filter>
    </ClCompile>
    <ClCompile Include="Windows\SnapshotsWindow.cpp">
      <Filter>Windows</Filter>
    </ClCompile>
    <ClCompile Include="Windows\PopUpWindow.cpp">
      <Filter>Windows</Filter>
    </ClCompile>
    <ClCompile Include="Windows\RecoveryWindow.cpp">
      <Filter>Windows</Filter>
    </ClCompile>
    <ClCompile Include="Windows\NewBoxWindow.cpp">
      <Filter>Windows</Filter>
    </ClCompile>
    <ClCompile Include="Helpers\FindTool.cpp">
      <Filter>Helpers</Filter>
    </ClCompile>
    <ClCompile Include="Helpers\WindowFromPointEx.cpp">
      <Filter>Helpers</Filter>
    </ClCompile>
    <ClCompile Include="Models\TraceModel.cpp">
      <Filter>Models</Filter>
    </ClCompile>
    <ClCompile Include="Views\TraceView.cpp">
      <Filter>Views</Filter>
    </ClCompile>
    <ClCompile Include="Windows\SelectBoxWindow.cpp">
      <Filter>Windows</Filter>
    </ClCompile>
    <ClCompile Include="Windows\OptionsAccess.cpp">
      <Filter>Windows</Filter>
    </ClCompile>
    <ClCompile Include="Windows\OptionsAdvanced.cpp">
      <Filter>Windows</Filter>
    </ClCompile>
    <ClCompile Include="Windows\OptionsForce.cpp">
      <Filter>Windows</Filter>
    </ClCompile>
    <ClCompile Include="Windows\OptionsGeneral.cpp">
      <Filter>Windows</Filter>
    </ClCompile>
    <ClCompile Include="Windows\OptionsGrouping.cpp">
      <Filter>Windows</Filter>
    </ClCompile>
    <ClCompile Include="Windows\OptionsNetwork.cpp">
      <Filter>Windows</Filter>
    </ClCompile>
    <ClCompile Include="Windows\OptionsRecovery.cpp">
      <Filter>Windows</Filter>
    </ClCompile>
    <ClCompile Include="Windows\OptionsStart.cpp">
      <Filter>Windows</Filter>
    </ClCompile>
    <ClCompile Include="Windows\OptionsStop.cpp">
      <Filter>Windows</Filter>
    </ClCompile>
    <ClCompile Include="Windows\OptionsTemplates.cpp">
      <Filter>Windows</Filter>
    </ClCompile>
    <ClCompile Include="Windows\FileBrowserWindow.cpp">
      <Filter>Windows</Filter>
    </ClCompile>
  </ItemGroup>
  <ItemGroup>
    <ClInclude Include="stdafx.h">
      <Filter>Header Files</Filter>
    </ClInclude>
    <ClInclude Include="Helpers\WinAdmin.h">
      <Filter>Helpers</Filter>
    </ClInclude>
    <ClInclude Include="Helpers\FindTool.h">
      <Filter>Helpers</Filter>
    </ClInclude>
    <ClInclude Include="resource.h">
      <Filter>Resource Files</Filter>
    </ClInclude>
  </ItemGroup>
  <ItemGroup>
    <QtMoc Include="SandMan.h">
      <Filter>SandMan</Filter>
    </QtMoc>
    <QtMoc Include="Models\SbieModel.h">
      <Filter>Models</Filter>
    </QtMoc>
    <QtMoc Include="Views\SbieView.h">
      <Filter>Views</Filter>
    </QtMoc>
    <QtMoc Include="Dialogs\MultiErrorDialog.h">
      <Filter>Dialogs</Filter>
    </QtMoc>
    <QtMoc Include="SbiePlusAPI.h">
      <Filter>SandMan</Filter>
    </QtMoc>
    <QtMoc Include="Windows\OptionsWindow.h">
      <Filter>Windows</Filter>
    </QtMoc>
    <QtMoc Include="Windows\SettingsWindow.h">
      <Filter>Windows</Filter>
    </QtMoc>
    <QtMoc Include="Windows\SnapshotsWindow.h">
      <Filter>Windows</Filter>
    </QtMoc>
    <QtMoc Include="Windows\PopUpWindow.h">
      <Filter>Windows</Filter>
    </QtMoc>
    <QtMoc Include="Windows\RecoveryWindow.h">
      <Filter>Windows</Filter>
    </QtMoc>
    <QtMoc Include="Windows\NewBoxWindow.h">
      <Filter>Windows</Filter>
    </QtMoc>
    <QtMoc Include="Models\TraceModel.h">
      <Filter>Models</Filter>
    </QtMoc>
    <QtMoc Include="Views\TraceView.h">
      <Filter>Views</Filter>
    </QtMoc>
    <QtMoc Include="Windows\SelectBoxWindow.h">
      <Filter>Windows</Filter>
    </QtMoc>
    <QtMoc Include="Windows\FileBrowserWindow.h">
      <Filter>Windows</Filter>
    </QtMoc>
  </ItemGroup>
  <ItemGroup>
    <QtRcc Include="Resources\SandMan.qrc">
      <Filter>Resource Files</Filter>
    </QtRcc>
  </ItemGroup>
  <ItemGroup>
    <Image Include="Resources\SandMan.ico">
      <Filter>Resource Files</Filter>
    </Image>
    <Image Include="Resources\finder-empty.bmp">
      <Filter>Resource Files</Filter>
    </Image>
    <Image Include="Resources\finder-full.bmp">
      <Filter>Resource Files</Filter>
    </Image>
  </ItemGroup>
  <ItemGroup>
    <QtUic Include="Forms\SettingsWindow.ui">
      <Filter>Form Files</Filter>
    </QtUic>
    <QtUic Include="Forms\OptionsWindow.ui">
      <Filter>Form Files</Filter>
    </QtUic>
    <QtUic Include="Forms\SnapshotsWindow.ui">
      <Filter>Form Files</Filter>
    </QtUic>
    <QtUic Include="Forms\PopUpWindow.ui">
      <Filter>Form Files</Filter>
    </QtUic>
    <QtUic Include="Forms\RecoveryWindow.ui">
      <Filter>Form Files</Filter>
    </QtUic>
    <QtUic Include="Forms\NewBoxWindow.ui">
      <Filter>Form Files</Filter>
    </QtUic>
    <QtUic Include="Forms\SelectBoxWindow.ui">
      <Filter>Form Files</Filter>
    </QtUic>
    <QtUic Include="Forms\FileBrowserWindow.ui">
      <Filter>Form Files</Filter>
    </QtUic>
  </ItemGroup>
  <ItemGroup>
    <None Include="sandman_de.ts">
      <Filter>Translation Files</Filter>
    </None>
    <None Include="sandman_pt.ts">
      <Filter>Translation Files</Filter>
    </None>
    <None Include="sandman_ru.ts">
      <Filter>Translation Files</Filter>
    </None>
    <None Include="Resources\finder.cur">
      <Filter>Resource Files</Filter>
    </None>
    <None Include="sandman_tr.ts">
      <Filter>Translation Files</Filter>
    </None>
    <None Include="sandman_zh-TW.ts">
      <Filter>Translation Files</Filter>
    </None>
    <None Include="sandman_pl.ts">
      <Filter>Translation Files</Filter>
    </None>
    <None Include="sandman_zh-CN.ts">
      <Filter>Translation Files</Filter>
    </None>
    <None Include="sandman_es.ts">
      <Filter>Translation Files</Filter>
    </None>
    <None Include="sandman_it.ts">
      <Filter>Translation Files</Filter>
    </None>
    <None Include="sandman_nl.ts">
      <Filter>Translation Files</Filter>
    </None>
    <None Include="sandman_en.ts">
      <Filter>Translation Files</Filter>
    </None>
  </ItemGroup>
  <ItemGroup>
    <ResourceCompile Include="SandMan.rc">
      <Filter>Resource Files</Filter>
    </ResourceCompile>
  </ItemGroup>
</Project>